
Microsoft Visual Studio Solution File, Format Version 12.00
# Visual Studio Version 17
VisualStudioVersion = 17.7.34024.191
MinimumVisualStudioVersion = 10.0.40219.1
Project("{FAE04EC0-301F-11D3-BF4B-00C04F79EFBC}") = "ThreadAndRandomnessTestingInCSharp", "ThreadAndRandomnessTestingInCSharp.csproj", "{A84071DC-1741-479E-93C5-5ADD783EAABE}"
EndProject
Global
	GlobalSection(SolutionConfigurationPlatforms) = preSolution
		Debug|Any CPU = Debug|Any CPU
		Release|Any CPU = Release|Any CPU
	EndGlobalSection
	GlobalSection(ProjectConfigurationPlatforms) = postSolution
		{A84071DC-1741-479E-93C5-5ADD783EAABE}.Debug|Any CPU.ActiveCfg = Debug|Any CPU
		{A84071DC-1741-479E-93C5-5ADD783EAABE}.Debug|Any CPU.Build.0 = Debug|Any CPU
		{A84071DC-1741-479E-93C5-5ADD783EAABE}.Release|Any CPU.ActiveCfg = Release|Any CPU
		{A84071DC-1741-479E-93C5-5ADD783EAABE}.Release|Any CPU.Build.0 = Release|Any CPU
	EndGlobalSection
	GlobalSection(SolutionProperties) = preSolution
		HideSolutionNode = FALSE
	EndGlobalSection
	GlobalSection(ExtensibilityGlobals) = postSolution
		SolutionGuid = {71794C1A-E90A-4632-869C-E3A4DC34B291}
	EndGlobalSection
EndGlobal
